
Microsoft Visual Studio Solution File, Format Version 12.00
# Visual Studio Version 16
VisualStudioVersion = 16.0.33423.256
MinimumVisualStudioVersion = 10.0.40219.1
Project("{FAE04EC0-301F-11D3-BF4B-00C04F79EFBC}") = "WindowsFormsApp1", "WindowsFormsApp1\WindowsFormsApp1.csproj", "{617C0C6F-C90D-4E6C-97BD-C1AB2647CF61}"
EndProject
Global
	GlobalSection(SolutionConfigurationPlatforms) = preSolution
		Debug|Any CPU = Debug|Any CPU
		Release|Any CPU = Release|Any CPU
	EndGlobalSection
	GlobalSection(ProjectConfigurationPlatforms) = postSolution
		{617C0C6F-C90D-4E6C-97BD-C1AB2647CF61}.Debug|Any CPU.ActiveCfg = Debug|Any CPU
		{617C0C6F-C90D-4E6C-97BD-C1AB2647CF61}.Debug|Any CPU.Build.0 = Debug|Any CPU
		{617C0C6F-C90D-4E6C-97BD-C1AB2647CF61}.Release|Any CPU.ActiveCfg = Release|Any CPU
		{617C0C6F-C90D-4E6C-97BD-C1AB2647CF61}.Release|Any CPU.Build.0 = Release|Any CPU
	EndGlobalSection
	GlobalSection(SolutionProperties) = preSolution
		HideSolutionNode = FALSE
	EndGlobalSection
	GlobalSection(ExtensibilityGlobals) = postSolution
		SolutionGuid = {A32A5AEF-5C39-496E-83B6-8027BA08562F}
	EndGlobalSection
EndGlobal
